# This file is automatically @generated by Cargo.
# It is not intended for manual editing.
version = 3

[[package]]
name = "mnel-provider-api"
version = "0.1.0-alpha.0"

[[package]]
name = "mnel-provider-classical"
version = "0.1.0-alpha.0"
dependencies = [
 "mnel-provider-api",
 "mnel-provider-sdk",
]

[[package]]
name = "mnel-provider-host"
version = "0.1.0-alpha.0"
dependencies = [
 "mnel-provider-api",
 "mnel-provider-classical",
 "mnel-provider-sdk",
]

[[package]]
name = "mnel-provider-sdk"
version = "0.1.0-alpha.0"
dependencies = [
 "mnel-provider-api",
]
